
Microsoft Visual Studio Solution File, Format Version 12.00
# Visual Studio 2013
VisualStudioVersion = 12.0.30110.0
MinimumVisualStudioVersion = 10.0.40219.1
Project("{FAE04EC0-301F-11D3-BF4B-00C04F79EFBC}") = "SQLWebApp", "SQLWebApp\SQLWebApp.csproj", "{05E6950E-881F-4966-AEBF-381F57D27C6E}"
EndProject
Project("{FAE04EC0-301F-11D3-BF4B-00C04F79EFBC}") = "SQLWebApp.Tests", "SQLWebApp.Tests\SQLWebApp.Tests.csproj", "{F1373B27-CAA7-41D0-9674-C93840DBE1A1}"
EndProject
Project("{2150E333-8FDC-42A3-9474-1A3956D46DE8}") = "Solution Items", "Solution Items", "{7B615610-4B12-489D-A3AA-77160C0E153F}"
	ProjectSection(SolutionItems) = preProject
		WebEssentials-Settings.json = WebEssentials-Settings.json
	EndProjectSection
EndProject
Global
	GlobalSection(SolutionConfigurationPlatforms) = preSolution
		Debug|Any CPU = Debug|Any CPU
		Release|Any CPU = Release|Any CPU
	EndGlobalSection
	GlobalSection(ProjectConfigurationPlatforms) = postSolution
		{05E6950E-881F-4966-AEBF-381F57D27C6E}.Debug|Any CPU.ActiveCfg = Debug|Any CPU
		{05E6950E-881F-4966-AEBF-381F57D27C6E}.Debug|Any CPU.Build.0 = Debug|Any CPU
		{05E6950E-881F-4966-AEBF-381F57D27C6E}.Release|Any CPU.ActiveCfg = Release|Any CPU
		{05E6950E-881F-4966-AEBF-381F57D27C6E}.Release|Any CPU.Build.0 = Release|Any CPU
		{F1373B27-CAA7-41D0-9674-C93840DBE1A1}.Debug|Any CPU.ActiveCfg = Debug|Any CPU
		{F1373B27-CAA7-41D0-9674-C93840DBE1A1}.Debug|Any CPU.Build.0 = Debug|Any CPU
		{F1373B27-CAA7-41D0-9674-C93840DBE1A1}.Release|Any CPU.ActiveCfg = Release|Any CPU
		{F1373B27-CAA7-41D0-9674-C93840DBE1A1}.Release|Any CPU.Build.0 = Release|Any CPU
	EndGlobalSection
	GlobalSection(SolutionProperties) = preSolution
		HideSolutionNode = FALSE
	EndGlobalSection
EndGlobal
